github.com/jessevdk/go-flags v1.5.0 h1:1jKYvbxEjfUl0fmqTCOfonvskHHXMjBySTLW4y9LFvc=
github.com/jessevdk/go-flags v1.5.0/go.mod h1:Fw0T6WPc1dYxT4mKEZRfG5kJhaTDP9pj1c2EWnYs/m4=
github.com/skratchdot/open-golang v0.0.0-20200116055534-eef842397966 h1:JIAuq3EEf9cgbU6AtGPK4CTG3Zf6CKMNqf0MHTggAUA=
github.com/skratchdot/open-golang v0.0.0-20200116055534-eef842397966/go.mod h1:sUM3LWHvSMaG192sy56D9F7CNvL7jUJVXoqM1QKLnog=
github.com/whilp/git-urls v1.0.0 h1:95f6UMWN5FKW71ECsXRUd3FVYiXdrE7aX4NZKcPmIjU=
github.com/whilp/git-urls v1.0.0/go.mod h1:J16SAmobsqc3Qcy98brfl5f5+e0clUvg1krgwk/qCfE=
golang.org/x/sys v0.0.0-20210320140829-1e4c9ba3b0c4 h1:EZ2mChiOa8udjfp6rRmswTbtZN/QzUQp4ptM4rnjHvc=
golang.org/x/sys v0.0.0-20210320140829-1e4c9ba3b0c4/go.mod h1:h1NjWce9XRLGQEsW7wpKNCjG9DtNlClVuFLEZdDNbEs=
